
Microsoft Visual Studio Solution File, Format Version 12.00
# Visual Studio 14
VisualStudioVersion = 14.0.25420.1
MinimumVisualStudioVersion = 10.0.40219.1
Project("{2150E333-8FDC-42A3-9474-1A3956D46DE8}") = "Engine", "Engine", "{D9741A87-1492-446A-B386-4571EF039C7C}"
EndProject
Project("{2150E333-8FDC-42A3-9474-1A3956D46DE8}") = "Games", "Games", "{44381D01-2E50-40AB-BB28-FA21ABB99339}"
EndProject
Project("{FAE04EC0-301F-11D3-BF4B-00C04F79EFBC}") = "Lycader", "Engine\Lycader\Lycader.csproj", "{17E32042-E473-4974-BFE6-628FEE6392D1}"
EndProject
Project("{FAE04EC0-301F-11D3-BF4B-00C04F79EFBC}") = "LycaderDesign", "Engine\LycaderDesign\LycaderDesign.csproj", "{B234F59B-3153-4AD2-988D-328A616668F5}"
EndProject
Project("{2150E333-8FDC-42A3-9474-1A3956D46DE8}") = "Tests", "Tests", "{7887F2D6-AD29-44C9-AC59-BF34B5CE5645}"
EndProject
Project("{FAE04EC0-301F-11D3-BF4B-00C04F79EFBC}") = "ThePit", "Games\ThePit\ThePit.csproj", "{5CFA7EFE-3D8A-4025-BC2E-DE43BC07A353}"
EndProject
Project("{FAE04EC0-301F-11D3-BF4B-00C04F79EFBC}") = "Animation", "Test\Animation\Animation.csproj", "{7D0FD6B8-5D1E-4A8B-BF00-D899DF339055}"
EndProject
Project("{FAE04EC0-301F-11D3-BF4B-00C04F79EFBC}") = "Asteroids", "Games\Asteroids\Asteroids.csproj", "{74903149-62F9-4AAD-8B45-0247B1B3E493}"
EndProject
Project("{FAE04EC0-301F-11D3-BF4B-00C04F79EFBC}") = "Camera", "Test\Camera\Camera.csproj", "{76780B85-A5E1-4CB8-988C-FAE51A923F2C}"
EndProject
Project("{FAE04EC0-301F-11D3-BF4B-00C04F79EFBC}") = "Collision", "Test\Collision\Collision.csproj", "{5FCD537A-09E6-4264-8F85-0B63B370D2D6}"
EndProject
Project("{FAE04EC0-301F-11D3-BF4B-00C04F79EFBC}") = "Map", "Test\Map\Map.csproj", "{0E930232-CBA5-4300-B9D4-5304D8B61260}"
EndProject
Project("{FAE04EC0-301F-11D3-BF4B-00C04F79EFBC}") = "Primitives", "Test\Primitive\Primitives.csproj", "{DEEB8035-4D32-4B3D-B841-30331A2E579F}"
EndProject
Project("{FAE04EC0-301F-11D3-BF4B-00C04F79EFBC}") = "Scrolling", "Test\Scrolling\Scrolling.csproj", "{742070FF-53C0-4891-80AE-701726C788EF}"
EndProject
Project("{2150E333-8FDC-42A3-9474-1A3956D46DE8}") = "Utilities", "Utilities", "{F36124FB-209E-445F-AEF2-C93A5E3C7D40}"
EndProject
Project("{FAE04EC0-301F-11D3-BF4B-00C04F79EFBC}") = "FontGenerator", "Utilities\FontGenerator\FontGenerator.csproj", "{1C70ABE0-561A-4DC2-A8DD-14DDFED8D026}"
EndProject
Project("{FAE04EC0-301F-11D3-BF4B-00C04F79EFBC}") = "Falldown", "Games\Falldown\Falldown.csproj", "{FB4462BA-DE8D-4A2E-8884-97F758C4BB99}"
EndProject
Global
	GlobalSection(SolutionConfigurationPlatforms) = preSolution
		Debug|Any CPU = Debug|Any CPU
		Debug40|Any CPU = Debug40|Any CPU
		Release|Any CPU = Release|Any CPU
		Release40|Any CPU = Release40|Any CPU
		ReleaseTrial|Any CPU = ReleaseTrial|Any CPU
		ReleaseTrial40|Any CPU = ReleaseTrial40|Any CPU
	EndGlobalSection
	GlobalSection(ProjectConfigurationPlatforms) = postSolution
		{17E32042-E473-4974-BFE6-628FEE6392D1}.Debug|Any CPU.ActiveCfg = Debug|Any CPU
		{17E32042-E473-4974-BFE6-628FEE6392D1}.Debug|Any CPU.Build.0 = Debug|Any CPU
		{17E32042-E473-4974-BFE6-628FEE6392D1}.Debug40|Any CPU.ActiveCfg = Debug|Any CPU
		{17E32042-E473-4974-BFE6-628FEE6392D1}.Debug40|Any CPU.Build.0 = Debug|Any CPU
		{17E32042-E473-4974-BFE6-628FEE6392D1}.Release|Any CPU.ActiveCfg = Release|Any CPU
		{17E32042-E473-4974-BFE6-628FEE6392D1}.Release|Any CPU.Build.0 = Release|Any CPU
		{17E32042-E473-4974-BFE6-628FEE6392D1}.Release40|Any CPU.ActiveCfg = Release|Any CPU
		{17E32042-E473-4974-BFE6-628FEE6392D1}.Release40|Any CPU.Build.0 = Release|Any CPU
		{17E32042-E473-4974-BFE6-628FEE6392D1}.ReleaseTrial|Any CPU.ActiveCfg = Release|Any CPU
		{17E32042-E473-4974-BFE6-628FEE6392D1}.ReleaseTrial|Any CPU.Build.0 = Release|Any CPU
		{17E32042-E473-4974-BFE6-628FEE6392D1}.ReleaseTrial40|Any CPU.ActiveCfg = Release|Any CPU
		{17E32042-E473-4974-BFE6-628FEE6392D1}.ReleaseTrial40|Any CPU.Build.0 = Release|Any CPU
		{B234F59B-3153-4AD2-988D-328A616668F5}.Debug|Any CPU.ActiveCfg = Debug|Any CPU
		{B234F59B-3153-4AD2-988D-328A616668F5}.Debug|Any CPU.Build.0 = Debug|Any CPU
		{B234F59B-3153-4AD2-988D-328A616668F5}.Debug40|Any CPU.ActiveCfg = Debug|Any CPU
		{B234F59B-3153-4AD2-988D-328A616668F5}.Debug40|Any CPU.Build.0 = Debug|Any CPU
		{B234F59B-3153-4AD2-988D-328A616668F5}.Release|Any CPU.ActiveCfg = Release|Any CPU
		{B234F59B-3153-4AD2-988D-328A616668F5}.Release|Any CPU.Build.0 = Release|Any CPU
		{B234F59B-3153-4AD2-988D-328A616668F5}.Release40|Any CPU.ActiveCfg = Release|Any CPU
		{B234F59B-3153-4AD2-988D-328A616668F5}.Release40|Any CPU.Build.0 = Release|Any CPU
		{B234F59B-3153-4AD2-988D-328A616668F5}.ReleaseTrial|Any CPU.ActiveCfg = Release|Any CPU
		{B234F59B-3153-4AD2-988D-328A616668F5}.ReleaseTrial|Any CPU.Build.0 = Release|Any CPU
		{B234F59B-3153-4AD2-988D-328A616668F5}.ReleaseTrial40|Any CPU.ActiveCfg = Release|Any CPU
		{B234F59B-3153-4AD2-988D-328A616668F5}.ReleaseTrial40|Any CPU.Build.0 = Release|Any CPU
		{5CFA7EFE-3D8A-4025-BC2E-DE43BC07A353}.Debug|Any CPU.ActiveCfg = Debug|Any CPU
		{5CFA7EFE-3D8A-4025-BC2E-DE43BC07A353}.Debug|Any CPU.Build.0 = Debug|Any CPU
		{5CFA7EFE-3D8A-4025-BC2E-DE43BC07A353}.Debug40|Any CPU.ActiveCfg = Debug|Any CPU
		{5CFA7EFE-3D8A-4025-BC2E-DE43BC07A353}.Debug40|Any CPU.Build.0 = Debug|Any CPU
		{5CFA7EFE-3D8A-4025-BC2E-DE43BC07A353}.Release|Any CPU.ActiveCfg = Release|Any CPU
		{5CFA7EFE-3D8A-4025-BC2E-DE43BC07A353}.Release|Any CPU.Build.0 = Release|Any CPU
		{5CFA7EFE-3D8A-4025-BC2E-DE43BC07A353}.Release40|Any CPU.ActiveCfg = Release|Any CPU
		{5CFA7EFE-3D8A-4025-BC2E-DE43BC07A353}.Release40|Any CPU.Build.0 = Release|Any CPU
		{5CFA7EFE-3D8A-4025-BC2E-DE43BC07A353}.ReleaseTrial|Any CPU.ActiveCfg = Release|Any CPU
		{5CFA7EFE-3D8A-4025-BC2E-DE43BC07A353}.ReleaseTrial|Any CPU.Build.0 = Release|Any CPU
		{5CFA7EFE-3D8A-4025-BC2E-DE43BC07A353}.ReleaseTrial40|Any CPU.ActiveCfg = Release|Any CPU
		{5CFA7EFE-3D8A-4025-BC2E-DE43BC07A353}.ReleaseTrial40|Any CPU.Build.0 = Release|Any CPU
		{7D0FD6B8-5D1E-4A8B-BF00-D899DF339055}.Debug|Any CPU.ActiveCfg = Debug|Any CPU
		{7D0FD6B8-5D1E-4A8B-BF00-D899DF339055}.Debug|Any CPU.Build.0 = Debug|Any CPU
		{7D0FD6B8-5D1E-4A8B-BF00-D899DF339055}.Debug40|Any CPU.ActiveCfg = Debug|Any CPU
		{7D0FD6B8-5D1E-4A8B-BF00-D899DF339055}.Debug40|Any CPU.Build.0 = Debug|Any CPU
		{7D0FD6B8-5D1E-4A8B-BF00-D899DF339055}.Release|Any CPU.ActiveCfg = Release|Any CPU
		{7D0FD6B8-5D1E-4A8B-BF00-D899DF339055}.Release|Any CPU.Build.0 = Release|Any CPU
		{7D0FD6B8-5D1E-4A8B-BF00-D899DF339055}.Release40|Any CPU.ActiveCfg = Release|Any CPU
		{7D0FD6B8-5D1E-4A8B-BF00-D899DF339055}.Release40|Any CPU.Build.0 = Release|Any CPU
		{7D0FD6B8-5D1E-4A8B-BF00-D899DF339055}.ReleaseTrial|Any CPU.ActiveCfg = Release|Any CPU
		{7D0FD6B8-5D1E-4A8B-BF00-D899DF339055}.ReleaseTrial|Any CPU.Build.0 = Release|Any CPU
		{7D0FD6B8-5D1E-4A8B-BF00-D899DF339055}.ReleaseTrial40|Any CPU.ActiveCfg = Release|Any CPU
		{7D0FD6B8-5D1E-4A8B-BF00-D899DF339055}.ReleaseTrial40|Any CPU.Build.0 = Release|Any CPU
		{74903149-62F9-4AAD-8B45-0247B1B3E493}.Debug|Any CPU.ActiveCfg = Debug|Any CPU
		{74903149-62F9-4AAD-8B45-0247B1B3E493}.Debug|Any CPU.Build.0 = Debug|Any CPU
		{74903149-62F9-4AAD-8B45-0247B1B3E493}.Debug40|Any CPU.ActiveCfg = Debug|Any CPU
		{74903149-62F9-4AAD-8B45-0247B1B3E493}.Debug40|Any CPU.Build.0 = Debug|Any CPU
		{74903149-62F9-4AAD-8B45-0247B1B3E493}.Release|Any CPU.ActiveCfg = Release|Any CPU
		{74903149-62F9-4AAD-8B45-0247B1B3E493}.Release|Any CPU.Build.0 = Release|Any CPU
		{74903149-62F9-4AAD-8B45-0247B1B3E493}.Release40|Any CPU.ActiveCfg = Release|Any CPU
		{74903149-62F9-4AAD-8B45-0247B1B3E493}.Release40|Any CPU.Build.0 = Release|Any CPU
		{74903149-62F9-4AAD-8B45-0247B1B3E493}.ReleaseTrial|Any CPU.ActiveCfg = Release|Any CPU
		{74903149-62F9-4AAD-8B45-0247B1B3E493}.ReleaseTrial|Any CPU.Build.0 = Release|Any CPU
		{74903149-62F9-4AAD-8B45-0247B1B3E493}.ReleaseTrial40|Any CPU.ActiveCfg = Release|Any CPU
		{74903149-62F9-4AAD-8B45-0247B1B3E493}.ReleaseTrial40|Any CPU.Build.0 = Release|Any CPU
		{76780B85-A5E1-4CB8-988C-FAE51A923F2C}.Debug|Any CPU.ActiveCfg = Debug|Any CPU
		{76780B85-A5E1-4CB8-988C-FAE51A923F2C}.Debug|Any CPU.Build.0 = Debug|Any CPU
		{76780B85-A5E1-4CB8-988C-FAE51A923F2C}.Debug40|Any CPU.ActiveCfg = Debug|Any CPU
		{76780B85-A5E1-4CB8-988C-FAE51A923F2C}.Debug40|Any CPU.Build.0 = Debug|Any CPU
		{76780B85-A5E1-4CB8-988C-FAE51A923F2C}.Release|Any CPU.ActiveCfg = Release|Any CPU
		{76780B85-A5E1-4CB8-988C-FAE51A923F2C}.Release|Any CPU.Build.0 = Release|Any CPU
		{76780B85-A5E1-4CB8-988C-FAE51A923F2C}.Release40|Any CPU.ActiveCfg = Release|Any CPU
		{76780B85-A5E1-4CB8-988C-FAE51A923F2C}.Release40|Any CPU.Build.0 = Release|Any CPU
		{76780B85-A5E1-4CB8-988C-FAE51A923F2C}.ReleaseTrial|Any CPU.ActiveCfg = Release|Any CPU
		{76780B85-A5E1-4CB8-988C-FAE51A923F2C}.ReleaseTrial|Any CPU.Build.0 = Release|Any CPU
		{76780B85-A5E1-4CB8-988C-FAE51A923F2C}.ReleaseTrial40|Any CPU.ActiveCfg = Release|Any CPU
		{76780B85-A5E1-4CB8-988C-FAE51A923F2C}.ReleaseTrial40|Any CPU.Build.0 = Release|Any CPU
		{5FCD537A-09E6-4264-8F85-0B63B370D2D6}.Debug|Any CPU.ActiveCfg = Debug|Any CPU
		{5FCD537A-09E6-4264-8F85-0B63B370D2D6}.Debug|Any CPU.Build.0 = Debug|Any CPU
		{5FCD537A-09E6-4264-8F85-0B63B370D2D6}.Debug40|Any CPU.ActiveCfg = Debug|Any CPU
		{5FCD537A-09E6-4264-8F85-0B63B370D2D6}.Debug40|Any CPU.Build.0 = Debug|Any CPU
		{5FCD537A-09E6-4264-8F85-0B63B370D2D6}.Release|Any CPU.ActiveCfg = Release|Any CPU
		{5FCD537A-09E6-4264-8F85-0B63B370D2D6}.Release|Any CPU.Build.0 = Release|Any CPU
		{5FCD537A-09E6-4264-8F85-0B63B370D2D6}.Release40|Any CPU.ActiveCfg = Release|Any CPU
		{5FCD537A-09E6-4264-8F85-0B63B370D2D6}.Release40|Any CPU.Build.0 = Release|Any CPU
		{5FCD537A-09E6-4264-8F85-0B63B370D2D6}.ReleaseTrial|Any CPU.ActiveCfg = Release|Any CPU
		{5FCD537A-09E6-4264-8F85-0B63B370D2D6}.ReleaseTrial|Any CPU.Build.0 = Release|Any CPU
		{5FCD537A-09E6-4264-8F85-0B63B370D2D6}.ReleaseTrial40|Any CPU.ActiveCfg = Release|Any CPU
		{5FCD537A-09E6-4264-8F85-0B63B370D2D6}.ReleaseTrial40|Any CPU.Build.0 = Release|Any CPU
		{0E930232-CBA5-4300-B9D4-5304D8B61260}.Debug|Any CPU.ActiveCfg = Debug|Any CPU
		{0E930232-CBA5-4300-B9D4-5304D8B61260}.Debug|Any CPU.Build.0 = Debug|Any CPU
		{0E930232-CBA5-4300-B9D4-5304D8B61260}.Debug40|Any CPU.ActiveCfg = Debug|Any CPU
		{0E930232-CBA5-4300-B9D4-5304D8B61260}.Debug40|Any CPU.Build.0 = Debug|Any CPU
		{0E930232-CBA5-4300-B9D4-5304D8B61260}.Release|Any CPU.ActiveCfg = Release|Any CPU
		{0E930232-CBA5-4300-B9D4-5304D8B61260}.Release|Any CPU.Build.0 = Release|Any CPU
		{0E930232-CBA5-4300-B9D4-5304D8B61260}.Release40|Any CPU.ActiveCfg = Release|Any CPU
		{0E930232-CBA5-4300-B9D4-5304D8B61260}.Release40|Any CPU.Build.0 = Release|Any CPU
		{0E930232-CBA5-4300-B9D4-5304D8B61260}.ReleaseTrial|Any CPU.ActiveCfg = Release|Any CPU
		{0E930232-CBA5-4300-B9D4-5304D8B61260}.ReleaseTrial|Any CPU.Build.0 = Release|Any CPU
		{0E930232-CBA5-4300-B9D4-5304D8B61260}.ReleaseTrial40|Any CPU.ActiveCfg = Release|Any CPU
		{0E930232-CBA5-4300-B9D4-5304D8B61260}.ReleaseTrial40|Any CPU.Build.0 = Release|Any CPU
		{DEEB8035-4D32-4B3D-B841-30331A2E579F}.Debug|Any CPU.ActiveCfg = Debug|Any CPU
		{DEEB8035-4D32-4B3D-B841-30331A2E579F}.Debug|Any CPU.Build.0 = Debug|Any CPU
		{DEEB8035-4D32-4B3D-B841-30331A2E579F}.Debug40|Any CPU.ActiveCfg = Debug|Any CPU
		{DEEB8035-4D32-4B3D-B841-30331A2E579F}.Debug40|Any CPU.Build.0 = Debug|Any CPU
		{DEEB8035-4D32-4B3D-B841-30331A2E579F}.Release|Any CPU.ActiveCfg = Release|Any CPU
		{DEEB8035-4D32-4B3D-B841-30331A2E579F}.Release|Any CPU.Build.0 = Release|Any CPU
		{DEEB8035-4D32-4B3D-B841-30331A2E579F}.Release40|Any CPU.ActiveCfg = Release|Any CPU
		{DEEB8035-4D32-4B3D-B841-30331A2E579F}.Release40|Any CPU.Build.0 = Release|Any CPU
		{DEEB8035-4D32-4B3D-B841-30331A2E579F}.ReleaseTrial|Any CPU.ActiveCfg = Release|Any CPU
		{DEEB8035-4D32-4B3D-B841-30331A2E579F}.ReleaseTrial|Any CPU.Build.0 = Release|Any CPU
		{DEEB8035-4D32-4B3D-B841-30331A2E579F}.ReleaseTrial40|Any CPU.ActiveCfg = Release|Any CPU
		{DEEB8035-4D32-4B3D-B841-30331A2E579F}.ReleaseTrial40|Any CPU.Build.0 = Release|Any CPU
		{742070FF-53C0-4891-80AE-701726C788EF}.Debug|Any CPU.ActiveCfg = Debug|Any CPU
		{742070FF-53C0-4891-80AE-701726C788EF}.Debug|Any CPU.Build.0 = Debug|Any CPU
		{742070FF-53C0-4891-80AE-701726C788EF}.Debug40|Any CPU.ActiveCfg = Debug|Any CPU
		{742070FF-53C0-4891-80AE-701726C788EF}.Debug40|Any CPU.Build.0 = Debug|Any CPU
		{742070FF-53C0-4891-80AE-701726C788EF}.Release|Any CPU.ActiveCfg = Release|Any CPU
		{742070FF-53C0-4891-80AE-701726C788EF}.Release|Any CPU.Build.0 = Release|Any CPU
		{742070FF-53C0-4891-80AE-701726C788EF}.Release40|Any CPU.ActiveCfg = Release|Any CPU
		{742070FF-53C0-4891-80AE-701726C788EF}.Release40|Any CPU.Build.0 = Release|Any CPU
		{742070FF-53C0-4891-80AE-701726C788EF}.ReleaseTrial|Any CPU.ActiveCfg = Release|Any CPU
		{742070FF-53C0-4891-80AE-701726C788EF}.ReleaseTrial|Any CPU.Build.0 = Release|Any CPU
		{742070FF-53C0-4891-80AE-701726C788EF}.ReleaseTrial40|Any CPU.ActiveCfg = Release|Any CPU
		{742070FF-53C0-4891-80AE-701726C788EF}.ReleaseTrial40|Any CPU.Build.0 = Release|Any CPU
		{1C70ABE0-561A-4DC2-A8DD-14DDFED8D026}.Debug|Any CPU.ActiveCfg = Debug|Any CPU
		{1C70ABE0-561A-4DC2-A8DD-14DDFED8D026}.Debug|Any CPU.Build.0 = Debug|Any CPU
		{1C70ABE0-561A-4DC2-A8DD-14DDFED8D026}.Debug40|Any CPU.ActiveCfg = Debug|Any CPU
		{1C70ABE0-561A-4DC2-A8DD-14DDFED8D026}.Debug40|Any CPU.Build.0 = Debug|Any CPU
		{1C70ABE0-561A-4DC2-A8DD-14DDFED8D026}.Release|Any CPU.ActiveCfg = Release|Any CPU
		{1C70ABE0-561A-4DC2-A8DD-14DDFED8D026}.Release|Any CPU.Build.0 = Release|Any CPU
		{1C70ABE0-561A-4DC2-A8DD-14DDFED8D026}.Release40|Any CPU.ActiveCfg = Release|Any CPU
		{1C70ABE0-561A-4DC2-A8DD-14DDFED8D026}.Release40|Any CPU.Build.0 = Release|Any CPU
		{1C70ABE0-561A-4DC2-A8DD-14DDFED8D026}.ReleaseTrial|Any CPU.ActiveCfg = Release|Any CPU
		{1C70ABE0-561A-4DC2-A8DD-14DDFED8D026}.ReleaseTrial|Any CPU.Build.0 = Release|Any CPU
		{1C70ABE0-561A-4DC2-A8DD-14DDFED8D026}.ReleaseTrial40|Any CPU.ActiveCfg = Release|Any CPU
		{1C70ABE0-561A-4DC2-A8DD-14DDFED8D026}.ReleaseTrial40|Any CPU.Build.0 = Release|Any CPU
		{FB4462BA-DE8D-4A2E-8884-97F758C4BB99}.Debug|Any CPU.ActiveCfg = Debug|Any CPU
		{FB4462BA-DE8D-4A2E-8884-97F758C4BB99}.Debug|Any CPU.Build.0 = Debug|Any CPU
		{FB4462BA-DE8D-4A2E-8884-97F758C4BB99}.Debug40|Any CPU.ActiveCfg = Debug|Any CPU
		{FB4462BA-DE8D-4A2E-8884-97F758C4BB99}.Debug40|Any CPU.Build.0 = Debug|Any CPU
		{FB4462BA-DE8D-4A2E-8884-97F758C4BB99}.Release|Any CPU.ActiveCfg = Release|Any CPU
		{FB4462BA-DE8D-4A2E-8884-97F758C4BB99}.Release|Any CPU.Build.0 = Release|Any CPU
		{FB4462BA-DE8D-4A2E-8884-97F758C4BB99}.Release40|Any CPU.ActiveCfg = Release|Any CPU
		{FB4462BA-DE8D-4A2E-8884-97F758C4BB99}.Release40|Any CPU.Build.0 = Release|Any CPU
		{FB4462BA-DE8D-4A2E-8884-97F758C4BB99}.ReleaseTrial|Any CPU.ActiveCfg = Release|Any CPU
		{FB4462BA-DE8D-4A2E-8884-97F758C4BB99}.ReleaseTrial|Any CPU.Build.0 = Release|Any CPU
		{FB4462BA-DE8D-4A2E-8884-97F758C4BB99}.ReleaseTrial40|Any CPU.ActiveCfg = Release|Any CPU
		{FB4462BA-DE8D-4A2E-8884-97F758C4BB99}.ReleaseTrial40|Any CPU.Build.0 = Release|Any CPU
	EndGlobalSection
	GlobalSection(SolutionProperties) = preSolution
		HideSolutionNode = FALSE
	EndGlobalSection
	GlobalSection(NestedProjects) = preSolution
		{17E32042-E473-4974-BFE6-628FEE6392D1} = {D9741A87-1492-446A-B386-4571EF039C7C}
		{B234F59B-3153-4AD2-988D-328A616668F5} = {D9741A87-1492-446A-B386-4571EF039C7C}
		{5CFA7EFE-3D8A-4025-BC2E-DE43BC07A353} = {44381D01-2E50-40AB-BB28-FA21ABB99339}
		{7D0FD6B8-5D1E-4A8B-BF00-D899DF339055} = {7887F2D6-AD29-44C9-AC59-BF34B5CE5645}
		{74903149-62F9-4AAD-8B45-0247B1B3E493} = {44381D01-2E50-40AB-BB28-FA21ABB99339}
		{76780B85-A5E1-4CB8-988C-FAE51A923F2C} = {7887F2D6-AD29-44C9-AC59-BF34B5CE5645}
		{5FCD537A-09E6-4264-8F85-0B63B370D2D6} = {7887F2D6-AD29-44C9-AC59-BF34B5CE5645}
		{0E930232-CBA5-4300-B9D4-5304D8B61260} = {7887F2D6-AD29-44C9-AC59-BF34B5CE5645}
		{DEEB8035-4D32-4B3D-B841-30331A2E579F} = {7887F2D6-AD29-44C9-AC59-BF34B5CE5645}
		{742070FF-53C0-4891-80AE-701726C788EF} = {7887F2D6-AD29-44C9-AC59-BF34B5CE5645}
		{1C70ABE0-561A-4DC2-A8DD-14DDFED8D026} = {F36124FB-209E-445F-AEF2-C93A5E3C7D40}
		{FB4462BA-DE8D-4A2E-8884-97F758C4BB99} = {44381D01-2E50-40AB-BB28-FA21ABB99339}
	EndGlobalSection
EndGlobal
